
Microsoft Visual Studio Solution File, Format Version 12.00
# Visual Studio Version 17
VisualStudioVersion = 17.3.32929.385
MinimumVisualStudioVersion = 10.0.40219.1
Project("{9A19103F-16F7-4668-BE54-9A1E7A4F7556}") = "Calendar", "Calendar.csproj", "{40E6FDC7-D27F-4063-8368-C61C44A4200D}"
EndProject
Project("{9A19103F-16F7-4668-BE54-9A1E7A4F7556}") = "TestCalendar", "..\TestCalendar\TestCalendar.csproj", "{D3FEA160-306A-4296-9DF0-ABC4FFF2835A}"
EndProject
Project("{9A19103F-16F7-4668-BE54-9A1E7A4F7556}") = "XUnitTest", "..\XUnitTest\XUnitTest.csproj", "{BFD141FA-8005-48A5-8BE6-0769A4002DC7}"
EndProject
Global
	GlobalSection(SolutionConfigurationPlatforms) = preSolution
		Debug|Any CPU = Debug|Any CPU
		Release|Any CPU = Release|Any CPU
	EndGlobalSection
	GlobalSection(ProjectConfigurationPlatforms) = postSolution
		{40E6FDC7-D27F-4063-8368-C61C44A4200D}.Debug|Any CPU.ActiveCfg = Debug|Any CPU
		{40E6FDC7-D27F-4063-8368-C61C44A4200D}.Debug|Any CPU.Build.0 = Debug|Any CPU
		{40E6FDC7-D27F-4063-8368-C61C44A4200D}.Release|Any CPU.ActiveCfg = Release|Any CPU
		{40E6FDC7-D27F-4063-8368-C61C44A4200D}.Release|Any CPU.Build.0 = Release|Any CPU
		{D3FEA160-306A-4296-9DF0-ABC4FFF2835A}.Debug|Any CPU.ActiveCfg = Debug|Any CPU
		{D3FEA160-306A-4296-9DF0-ABC4FFF2835A}.Debug|Any CPU.Build.0 = Debug|Any CPU
		{D3FEA160-306A-4296-9DF0-ABC4FFF2835A}.Release|Any CPU.ActiveCfg = Release|Any CPU
		{D3FEA160-306A-4296-9DF0-ABC4FFF2835A}.Release|Any CPU.Build.0 = Release|Any CPU
		{BFD141FA-8005-48A5-8BE6-0769A4002DC7}.Debug|Any CPU.ActiveCfg = Debug|Any CPU
		{BFD141FA-8005-48A5-8BE6-0769A4002DC7}.Debug|Any CPU.Build.0 = Debug|Any CPU
		{BFD141FA-8005-48A5-8BE6-0769A4002DC7}.Release|Any CPU.ActiveCfg = Release|Any CPU
		{BFD141FA-8005-48A5-8BE6-0769A4002DC7}.Release|Any CPU.Build.0 = Release|Any CPU
	EndGlobalSection
	GlobalSection(SolutionProperties) = preSolution
		HideSolutionNode = FALSE
	EndGlobalSection
	GlobalSection(ExtensibilityGlobals) = postSolution
		SolutionGuid = {9E5482BF-527D-4EB4-A6FF-BF4E19559AE8}
	EndGlobalSection
EndGlobal
